// !$*UTF8*$!
{
	archiveVersion = 1;
	classes = {
	};
	objectVersion = 46;
	objects = {

/* Begin PBXBuildFile section */
		A05103811BECE1FF00648466 /* SizeUtil.swift in Sources */ = {isa = PBXBuildFile; fileRef = A05103801BECE1FF00648466 /* SizeUtil.swift */; };
		A0A0E1A31BEC8B8F006C2E45 /* AppDelegate.swift in Sources */ = {isa = PBXBuildFile; fileRef = A0A0E1A21BEC8B8F006C2E45 /* AppDelegate.swift */; };
		A0A0E1A51BEC8B8F006C2E45 /* ViewController.swift in Sources */ = {isa = PBXBuildFile; fileRef = A0A0E1A41BEC8B8F006C2E45 /* ViewController.swift */; };
		A0A0E1A81BEC8B8F006C2E45 /* Main.storyboard in Resources */ = {isa = PBXBuildFile; fileRef = A0A0E1A61BEC8B8F006C2E45 /* Main.storyboard */; };
		A0A0E1AA1BEC8B8F006C2E45 /* Assets.xcassets in Resources */ = {isa = PBXBuildFile; fileRef = A0A0E1A91BEC8B8F006C2E45 /* Assets.xcassets */; };
		A0A0E1AD1BEC8B8F006C2E45 /* LaunchScreen.storyboard in Resources */ = {isa = PBXBuildFile; fileRef = A0A0E1AB1BEC8B8F006C2E45 /* LaunchScreen.storyboard */; };
		A0A0E1B81BEC8B90006C2E45 /* ScrollViewWithPagingDemoTests.swift in Sources */ = {isa = PBXBuildFile; fileRef = A0A0E1B71BEC8B90006C2E45 /* ScrollViewWithPagingDemoTests.swift */; };
		A0A0E1C31BEC8B90006C2E45 /* ScrollViewWithPagingDemoUITests.swift in Sources */ = {isa = PBXBuildFile; fileRef = A0A0E1C21BEC8B90006C2E45 /* ScrollViewWithPagingDemoUITests.swift */; };
		A0A0E1D41BECB4A7006C2E45 /* arrow@2x.png in Resources */ = {isa = PBXBuildFile; fileRef = A0A0E1D01BECB4A7006C2E45 /* arrow@2x.png */; };
		A0A0E1D51BECB4A7006C2E45 /* currency-icon@2x.png in Resources */ = {isa = PBXBuildFile; fileRef = A0A0E1D11BECB4A7006C2E45 /* currency-icon@2x.png */; };
		A0A0E1D61BECB4A7006C2E45 /* graph-icon@2x.png in Resources */ = {isa = PBXBuildFile; fileRef = A0A0E1D21BECB4A7006C2E45 /* graph-icon@2x.png */; };
		A0A0E1D71BECB4A7006C2E45 /* home-icon@2x.png in Resources */ = {isa = PBXBuildFile; fileRef = A0A0E1D31BECB4A7006C2E45 /* home-icon@2x.png */; };
		A0A0E1D91BECBD41006C2E45 /* cancel-icon@2x.png in Resources */ = {isa = PBXBuildFile; fileRef = A0A0E1D81BECBD41006C2E45 /* cancel-icon@2x.png */; };
/* End PBXBuildFile section */

/* Begin PBXContainerItemProxy section */
		A0A0E1B41BEC8B90006C2E45 /* PBXContainerItemProxy */ = {
			isa = PBXContainerItemProxy;
			containerPortal = A0A0E1971BEC8B8F006C2E45 /* Project object */;
			proxyType = 1;
			remoteGlobalIDString = A0A0E19E1BEC8B8F006C2E45;
			remoteInfo = ScrollViewWithPagingDemo;
		};
		A0A0E1BF1BEC8B90006C2E45 /* PBXContainerItemProxy */ = {
			isa = PBXContainerItemProxy;
			containerPortal = A0A0E1971BEC8B8F006C2E45 /* Project object */;
			proxyType = 1;
			remoteGlobalIDString = A0A0E19E1BEC8B8F006C2E45;
			remoteInfo = ScrollViewWithPagingDemo;
		};
/* End PBXContainerItemProxy section */

/* Begin PBXFileReference section */
		A05103801BECE1FF00648466 /* SizeUtil.swift */ = {isa = PBXFileReference; fileEncoding = 4; lastKnownFileType = sourcecode.swift; path = SizeUtil.swift; sourceTree = "<group>"; };
		A0A0E19F1BEC8B8F006C2E45 /* ScrollViewWithPagingDemo.app */ = {isa = PBXFileReference; explicitFileType = wrapper.application; includeInIndex = 0; path = ScrollViewWithPagingDemo.app; sourceTree = BUILT_PRODUCTS_DIR; };
		A0A0E1A21BEC8B8F006C2E45 /* AppDelegate.swift */ = {isa = PBXFileReference; lastKnownFileType = sourcecode.swift; path = AppDelegate.swift; sourceTree = "<group>"; };
		A0A0E1A41BEC8B8F006C2E45 /* ViewController.swift */ = {isa = PBXFileReference; lastKnownFileType = sourcecode.swift; path = ViewController.swift; sourceTree = "<group>"; };
		A0A0E1A71BEC8B8F006C2E45 /* Base */ = {isa = PBXFileReference; lastKnownFileType = file.storyboard; name = Base; path = Base.lproj/Main.storyboard; sourceTree = "<group>"; };
		A0A0E1A91BEC8B8F006C2E45 /* Assets.xcassets */ = {isa = PBXFileReference; lastKnownFileType = folder.assetcatalog; path = Assets.xcassets; sourceTree = "<group>"; };
		A0A0E1AC1BEC8B8F006C2E45 /* Base */ = {isa = PBXFileReference; lastKnownFileType = file.storyboard; name = Base; path = Base.lproj/LaunchScreen.storyboard; sourceTree = "<group>"; };
		A0A0E1AE1BEC8B8F006C2E45 /* Info.plist */ = {isa = PBXFileReference; lastKnownFileType = text.plist.xml; path = Info.plist; sourceTree = "<group>"; };
		A0A0E1B31BEC8B90006C2E45 /* ScrollViewWithPagingDemoTests.xctest */ = {isa = PBXFileReference; explicitFileType = wrapper.cfbundle; includeInIndex = 0; path = ScrollViewWithPagingDemoTests.xctest; sourceTree = BUILT_PRODUCTS_DIR; };
		A0A0E1B71BEC8B90006C2E45 /* ScrollViewWithPagingDemoTests.swift */ = {isa = PBXFileReference; lastKnownFileType = sourcecode.swift; path = ScrollViewWithPagingDemoTests.swift; sourceTree = "<group>"; };
		A0A0E1B91BEC8B90006C2E45 /* Info.plist */ = {isa = PBXFileReference; lastKnownFileType = text.plist.xml; path = Info.plist; sourceTree = "<group>"; };
		A0A0E1BE1BEC8B90006C2E45 /* ScrollViewWithPagingDemoUITests.xctest */ = {isa = PBXFileReference; explicitFileType = wrapper.cfbundle; includeInIndex = 0; path = ScrollViewWithPagingDemoUITests.xctest; sourceTree = BUILT_PRODUCTS_DIR; };
		A0A0E1C21BEC8B90006C2E45 /* ScrollViewWithPagingDemoUITests.swift */ = {isa = PBXFileReference; lastKnownFileType = sourcecode.swift; path = ScrollViewWithPagingDemoUITests.swift; sourceTree = "<group>"; };
		A0A0E1C41BEC8B90006C2E45 /* Info.plist */ = {isa = PBXFileReference; lastKnownFileType = text.plist.xml; path = Info.plist; sourceTree = "<group>"; };
		A0A0E1D01BECB4A7006C2E45 /* arrow@2x.png */ = {isa = PBXFileReference; lastKnownFileType = image.png; path = "arrow@2x.png"; sourceTree = "<group>"; };
		A0A0E1D11BECB4A7006C2E45 /* currency-icon@2x.png */ = {isa = PBXFileReference; lastKnownFileType = image.png; path = "currency-icon@2x.png"; sourceTree = "<group>"; };
		A0A0E1D21BECB4A7006C2E45 /* graph-icon@2x.png */ = {isa = PBXFileReference; lastKnownFileType = image.png; path = "graph-icon@2x.png"; sourceTree = "<group>"; };
		A0A0E1D31BECB4A7006C2E45 /* home-icon@2x.png */ = {isa = PBXFileReference; lastKnownFileType = image.png; path = "home-icon@2x.png"; sourceTree = "<group>"; };
		A0A0E1D81BECBD41006C2E45 /* cancel-icon@2x.png */ = {isa = PBXFileReference; lastKnownFileType = image.png; path = "cancel-icon@2x.png"; sourceTree = "<group>"; };
/* End PBXFileReference section */

/* Begin PBXFrameworksBuildPhase section */
		A0A0E19C1BEC8B8F006C2E45 /* Frameworks */ = {
			isa = PBXFrameworksBuildPhase;
			buildActionMask = 2147483647;
			files = (
			);
			runOnlyForDeploymentPostprocessing = 0;
		};
		A0A0E1B01BEC8B90006C2E45 /* Frameworks */ = {
			isa = PBXFrameworksBuildPhase;
			buildActionMask = 2147483647;
			files = (
			);
			runOnlyForDeploymentPostprocessing = 0;
		};
		A0A0E1BB1BEC8B90006C2E45 /* Frameworks */ = {
			isa = PBXFrameworksBuildPhase;
			buildActionMask = 2147483647;
			files = (
			);
			runOnlyForDeploymentPostprocessing = 0;
		};
/* End PBXFrameworksBuildPhase section */

/* Begin PBXGroup section */
		A0A0E1961BEC8B8F006C2E45 = {
			isa = PBXGroup;
			children = (
				A0A0E1A11BEC8B8F006C2E45 /* ScrollViewWithPagingDemo */,
				A0A0E1B61BEC8B90006C2E45 /* ScrollViewWithPagingDemoTests */,
				A0A0E1C11BEC8B90006C2E45 /* ScrollViewWithPagingDemoUITests */,
				A0A0E1A01BEC8B8F006C2E45 /* Products */,
			);
			sourceTree = "<group>";
		};
		A0A0E1A01BEC8B8F006C2E45 /* Products */ = {
			isa = PBXGroup;
			children = (
				A0A0E19F1BEC8B8F006C2E45 /* ScrollViewWithPagingDemo.app */,
				A0A0E1B31BEC8B90006C2E45 /* ScrollViewWithPagingDemoTests.xctest */,
				A0A0E1BE1BEC8B90006C2E45 /* ScrollViewWithPagingDemoUITests.xctest */,
			);
			name = Products;
			sourceTree = "<group>";
		};
		A0A0E1A11BEC8B8F006C2E45 /* ScrollViewWithPagingDemo */ = {
			isa = PBXGroup;
			children = (
				A0A0E1A21BEC8B8F006C2E45 /* AppDelegate.swift */,
				A0A0E1A41BEC8B8F006C2E45 /* ViewController.swift */,
				A0A0E1A61BEC8B8F006C2E45 /* Main.storyboard */,
				A0A0E1A91BEC8B8F006C2E45 /* Assets.xcassets */,
				A05103801BECE1FF00648466 /* SizeUtil.swift */,
				A0A0E1AB1BEC8B8F006C2E45 /* LaunchScreen.storyboard */,
				A0A0E1D01BECB4A7006C2E45 /* arrow@2x.png */,
				A0A0E1D11BECB4A7006C2E45 /* currency-icon@2x.png */,
				A0A0E1D21BECB4A7006C2E45 /* graph-icon@2x.png */,
				A0A0E1D81BECBD41006C2E45 /* cancel-icon@2x.png */,
				A0A0E1D31BECB4A7006C2E45 /* home-icon@2x.png */,
				A0A0E1AE1BEC8B8F006C2E45 /* Info.plist */,
			);
			path = ScrollViewWithPagingDemo;
			sourceTree = "<group>";
		};
		A0A0E1B61BEC8B90006C2E45 /* ScrollViewWithPagingDemoTests */ = {
			isa = PBXGroup;
			children = (
				A0A0E1B71BEC8B90006C2E45 /* ScrollViewWithPagingDemoTests.swift */,
				A0A0E1B91BEC8B90006C2E45 /* Info.plist */,
			);
			path = ScrollViewWithPagingDemoTests;
			sourceTree = "<group>";
		};
		A0A0E1C11BEC8B90006C2E45 /* ScrollViewWithPagingDemoUITests */ = {
			isa = PBXGroup;
			children = (
				A0A0E1C21BEC8B90006C2E45 /* ScrollViewWithPagingDemoUITests.swift */,
				A0A0E1C41BEC8B90006C2E45 /* Info.plist */,
			);
			path = ScrollViewWithPagingDemoUITests;
			sourceTree = "<group>";
		};
/* End PBXGroup section */

/* Begin PBXNativeTarget section */
		A0A0E19E1BEC8B8F006C2E45 /* ScrollViewWithPagingDemo */ = {
			isa = PBXNativeTarget;
			buildConfigurationList = A0A0E1C71BEC8B90006C2E45 /* Build configuration list for PBXNativeTarget "ScrollViewWithPagingDemo" */;
			buildPhases = (
				A0A0E19B1BEC8B8F006C2E45 /* Sources */,
				A0A0E19C1BEC8B8F006C2E45 /* Frameworks */,
				A0A0E19D1BEC8B8F006C2E45 /* Resources */,
			);
			buildRules = (
			);
			dependencies = (
			);
			name = ScrollViewWithPagingDemo;
			productName = ScrollViewWithPagingDemo;
			productReference = A0A0E19F1BEC8B8F006C2E45 /* ScrollViewWithPagingDemo.app */;
			productType = "com.apple.product-type.application";
		};
		A0A0E1B21BEC8B90006C2E45 /* ScrollViewWithPagingDemoTests */ = {
			isa = PBXNativeTarget;
			buildConfigurationList = A0A0E1CA1BEC8B90006C2E45 /* Build configuration list for PBXNativeTarget "ScrollViewWithPagingDemoTests" */;
			buildPhases = (
				A0A0E1AF1BEC8B90006C2E45 /* Sources */,
				A0A0E1B01BEC8B90006C2E45 /* Frameworks */,
				A0A0E1B11BEC8B90006C2E45 /* Resources */,
			);
			buildRules = (
			);
			dependencies = (
				A0A0E1B51BEC8B90006C2E45 /* PBXTargetDependency */,
			);
			name = ScrollViewWithPagingDemoTests;
			productName = ScrollViewWithPagingDemoTests;
			productReference = A0A0E1B31BEC8B90006C2E45 /* ScrollViewWithPagingDemoTests.xctest */;
			productType = "com.apple.product-type.bundle.unit-test";
		};
		A0A0E1BD1BEC8B90006C2E45 /* ScrollViewWithPagingDemoUITests */ = {
			isa = PBXNativeTarget;
			buildConfigurationList = A0A0E1CD1BEC8B90006C2E45 /* Build configuration list for PBXNativeTarget "ScrollViewWithPagingDemoUITests" */;
			buildPhases = (
				A0A0E1BA1BEC8B90006C2E45 /* Sources */,
				A0A0E1BB1BEC8B90006C2E45 /* Frameworks */,
				A0A0E1BC1BEC8B90006C2E45 /* Resources */,
			);
			buildRules = (
			);
			dependencies = (
				A0A0E1C01BEC8B90006C2E45 /* PBXTargetDependency */,
			);
			name = ScrollViewWithPagingDemoUITests;
			productName = ScrollViewWithPagingDemoUITests;
			productReference = A0A0E1BE1BEC8B90006C2E45 /* ScrollViewWithPagingDemoUITests.xctest */;
			productType = "com.apple.product-type.bundle.ui-testing";
		};
/* End PBXNativeTarget section */

/* Begin PBXProject section */
		A0A0E1971BEC8B8F006C2E45 /* Project object */ = {
			isa = PBXProject;
			attributes = {
				LastSwiftUpdateCheck = 0710;
				LastUpgradeCheck = 0710;
				ORGANIZATIONNAME = "NGI-NOMAN";
				TargetAttributes = {
					A0A0E19E1BEC8B8F006C2E45 = {
						CreatedOnToolsVersion = 7.1;
					};
					A0A0E1B21BEC8B90006C2E45 = {
						CreatedOnToolsVersion = 7.1;
						TestTargetID = A0A0E19E1BEC8B8F006C2E45;
					};
					A0A0E1BD1BEC8B90006C2E45 = {
						CreatedOnToolsVersion = 7.1;
						TestTargetID = A0A0E19E1BEC8B8F006C2E45;
					};
				};
			};
			buildConfigurationList = A0A0E19A1BEC8B8F006C2E45 /* Build configuration list for PBXProject "ScrollViewWithPagingDemo" */;
			compatibilityVersion = "Xcode 3.2";
			developmentRegion = English;
			hasScannedForEncodings = 0;
			knownRegions = (
				en,
				Base,
			);
			mainGroup = A0A0E1961BEC8B8F006C2E45;
			productRefGroup = A0A0E1A01BEC8B8F006C2E45 /* Products */;
			projectDirPath = "";
			projectRoot = "";
			targets = (
				A0A0E19E1BEC8B8F006C2E45 /* ScrollViewWithPagingDemo */,
				A0A0E1B21BEC8B90006C2E45 /* ScrollViewWithPagingDemoTests */,
				A0A0E1BD1BEC8B90006C2E45 /* ScrollViewWithPagingDemoUITests */,
			);
		};
/* End PBXProject section */

/* Begin PBXResourcesBuildPhase section */
		A0A0E19D1BEC8B8F006C2E45 /* Resources */ = {
			isa = PBXResourcesBuildPhase;
			buildActionMask = 2147483647;
			files = (
				A0A0E1D61BECB4A7006C2E45 /* graph-icon@2x.png in Resources */,
				A0A0E1D51BECB4A7006C2E45 /* currency-icon@2x.png in Resources */,
				A0A0E1D71BECB4A7006C2E45 /* home-icon@2x.png in Resources */,
				A0A0E1D91BECBD41006C2E45 /* cancel-icon@2x.png in Resources */,
				A0A0E1D41BECB4A7006C2E45 /* arrow@2x.png in Resources */,
				A0A0E1AD1BEC8B8F006C2E45 /* LaunchScreen.storyboard in Resources */,
				A0A0E1AA1BEC8B8F006C2E45 /* Assets.xcassets in Resources */,
				A0A0E1A81BEC8B8F006C2E45 /* Main.storyboard in Resources */,
			);
			runOnlyForDeploymentPostprocessing = 0;
		};
		A0A0E1B11BEC8B90006C2E45 /* Resources */ = {
			isa = PBXResourcesBuildPhase;
			buildActionMask = 2147483647;
			files = (
			);
			runOnlyForDeploymentPostprocessing = 0;
		};
		A0A0E1BC1BEC8B90006C2E45 /* Resources */ = {
			isa = PBXResourcesBuildPhase;
			buildActionMask = 2147483647;
			files = (
			);
			runOnlyForDeploymentPostprocessing = 0;
		};
/* End PBXResourcesBuildPhase section */

/* Begin PBXSourcesBuildPhase section */
		A0A0E19B1BEC8B8F006C2E45 /* Sources */ = {
			isa = PBXSourcesBuildPhase;
			buildActionMask = 2147483647;
			files = (
				A05103811BECE1FF00648466 /* SizeUtil.swift in Sources */,
				A0A0E1A51BEC8B8F006C2E45 /* ViewController.swift in Sources */,
				A0A0E1A31BEC8B8F006C2E45 /* AppDelegate.swift in Sources */,
			);
			runOnlyForDeploymentPostprocessing = 0;
		};
		A0A0E1AF1BEC8B90006C2E45 /* Sources */ = {
			isa = PBXSourcesBuildPhase;
			buildActionMask = 2147483647;
			files = (
				A0A0E1B81BEC8B90006C2E45 /* ScrollViewWithPagingDemoTests.swift in Sources */,
			);
			runOnlyForDeploymentPostprocessing = 0;
		};
		A0A0E1BA1BEC8B90006C2E45 /* Sources */ = {
			isa = PBXSourcesBuildPhase;
			buildActionMask = 2147483647;
			files = (
				A0A0E1C31BEC8B90006C2E45 /* ScrollViewWithPagingDemoUITests.swift in Sources */,
			);
			runOnlyForDeploymentPostprocessing = 0;
		};
/* End PBXSourcesBuildPhase section */

/* Begin PBXTargetDependency section */
		A0A0E1B51BEC8B90006C2E45 /* PBXTargetDependency */ = {
			isa = PBXTargetDependency;
			target = A0A0E19E1BEC8B8F006C2E45 /* ScrollViewWithPagingDemo */;
			targetProxy = A0A0E1B41BEC8B90006C2E45 /* PBXContainerItemProxy */;
		};
		A0A0E1C01BEC8B90006C2E45 /* PBXTargetDependency */ = {
			isa = PBXTargetDependency;
			target = A0A0E19E1BEC8B8F006C2E45 /* ScrollViewWithPagingDemo */;
			targetProxy = A0A0E1BF1BEC8B90006C2E45 /* PBXContainerItemProxy */;
		};
/* End PBXTargetDependency section */

/* Begin PBXVariantGroup section */
		A0A0E1A61BEC8B8F006C2E45 /* Main.storyboard */ = {
			isa = PBXVariantGroup;
			children = (
				A0A0E1A71BEC8B8F006C2E45 /* Base */,
			);
			name = Main.storyboard;
			sourceTree = "<group>";
		};
		A0A0E1AB1BEC8B8F006C2E45 /* LaunchScreen.storyboard */ = {
			isa = PBXVariantGroup;
			children = (
				A0A0E1AC1BEC8B8F006C2E45 /* Base */,
			);
			name = LaunchScreen.storyboard;
			sourceTree = "<group>";
		};
/* End PBXVariantGroup section */

/* Begin XCBuildConfiguration section */
		A0A0E1C51BEC8B90006C2E45 /* Debug */ = {
			isa = XCBuildConfiguration;
			buildSettings = {
				ALWAYS_SEARCH_USER_PATHS = NO;
				CLANG_CXX_LANGUAGE_STANDARD = "gnu++0x";
				CLANG_CXX_LIBRARY = "libc++";
				CLANG_ENABLE_MODULES = YES;
				CLANG_ENABLE_OBJC_ARC = YES;
				CLANG_WARN_BOOL_CONVERSION = YES;
				CLANG_WARN_CONSTANT_CONVERSION = YES;
				CLANG_WARN_DIRECT_OBJC_ISA_USAGE = YES_ERROR;
				CLANG_WARN_EMPTY_BODY = YES;
				CLANG_WARN_ENUM_CONVERSION = YES;
				CLANG_WARN_INT_CONVERSION = YES;
				CLANG_WARN_OBJC_ROOT_CLASS = YES_ERROR;
				CLANG_WARN_UNREACHABLE_CODE = YES;
				CLANG_WARN__DUPLICATE_METHOD_MATCH = YES;
				"CODE_SIGN_IDENTITY[sdk=iphoneos*]" = "iPhone Developer";
				COPY_PHASE_STRIP = NO;
				DEBUG_INFORMATION_FORMAT = dwarf;
				ENABLE_STRICT_OBJC_MSGSEND = YES;
				ENABLE_TESTABILITY = YES;
				GCC_C_LANGUAGE_STANDARD = gnu99;
				GCC_DYNAMIC_NO_PIC = NO;
				GCC_NO_COMMON_BLOCKS = YES;
				GCC_OPTIMIZATION_LEVEL = 0;
				GCC_PREPROCESSOR_DEFINITIONS = (
					"DEBUG=1",
					"$(inherited)",
				);
				GCC_WARN_64_TO_32_BIT_CONVERSION = YES;
				GCC_WARN_ABOUT_RETURN_TYPE = YES_ERROR;
				GCC_WARN_UNDECLARED_SELECTOR = YES;
				GCC_WARN_UNINITIALIZED_AUTOS = YES_AGGRESSIVE;
				GCC_WARN_UNUSED_FUNCTION = YES;
				GCC_WARN_UNUSED_VARIABLE = YES;
				IPHONEOS_DEPLOYMENT_TARGET = 9.1;
				MTL_ENABLE_DEBUG_INFO = YES;
				ONLY_ACTIVE_ARCH = YES;
				SDKROOT = iphoneos;
				SWIFT_OPTIMIZATION_LEVEL = "-Onone";
				TARGETED_DEVICE_FAMILY = "1,2";
			};
			name = Debug;
		};
		A0A0E1C61BEC8B90006C2E45 /* Release */ = {
			isa = XCBuildConfiguration;
			buildSettings = {
				ALWAYS_SEARCH_USER_PATHS = NO;
				CLANG_CXX_LANGUAGE_STANDARD = "gnu++0x";
				CLANG_CXX_LIBRARY = "libc++";
				CLANG_ENABLE_MODULES = YES;
				CLANG_ENABLE_OBJC_ARC = YES;
				CLANG_WARN_BOOL_CONVERSION = YES;
				CLANG_WARN_CONSTANT_CONVERSION = YES;
				CLANG_WARN_DIRECT_OBJC_ISA_USAGE = YES_ERROR;
				CLANG_WARN_EMPTY_BODY = YES;
				CLANG_WARN_ENUM_CONVERSION = YES;
				CLANG_WARN_INT_CONVERSION = YES;
				CLANG_WARN_OBJC_ROOT_CLASS = YES_ERROR;
				CLANG_WARN_UNREACHABLE_CODE = YES;
				CLANG_WARN__DUPLICATE_METHOD_MATCH = YES;
				"CODE_SIGN_IDENTITY[sdk=iphoneos*]" = "iPhone Developer";
				COPY_PHASE_STRIP = NO;
				DEBUG_INFORMATION_FORMAT = "dwarf-with-dsym";
				ENABLE_NS_ASSERTIONS = NO;
				ENABLE_STRICT_OBJC_MSGSEND = YES;
				GCC_C_LANGUAGE_STANDARD = gnu99;
				GCC_NO_COMMON_BLOCKS = YES;
				GCC_WARN_64_TO_32_BIT_CONVERSION = YES;
				GCC_WARN_ABOUT_RETURN_TYPE = YES_ERROR;
				GCC_WARN_UNDECLARED_SELECTOR = YES;
				GCC_WARN_UNINITIALIZED_AUTOS = YES_AGGRESSIVE;
				GCC_WARN_UNUSED_FUNCTION = YES;
				GCC_WARN_UNUSED_VARIABLE = YES;
				IPHONEOS_DEPLOYMENT_TARGET = 9.1;
				MTL_ENABLE_DEBUG_INFO = NO;
				SDKROOT = iphoneos;
				TARGETED_DEVICE_FAMILY = "1,2";
				VALIDATE_PRODUCT = YES;
			};
			name = Release;
		};
		A0A0E1C81BEC8B90006C2E45 /* Debug */ = {
			isa = XCBuildConfiguration;
			buildSettings = {
				ASSETCATALOG_COMPILER_APPICON_NAME = AppIcon;
				INFOPLIST_FILE = ScrollViewWithPagingDemo/Info.plist;
				LD_RUNPATH_SEARCH_PATHS = "$(inherited) @executable_path/Frameworks";
				PRODUCT_BUNDLE_IDENTIFIER = com.ngi.ScrollViewWithPagingDemo;
				PRODUCT_NAME = "$(TARGET_NAME)";
			};
			name = Debug;
		};
		A0A0E1C91BEC8B90006C2E45 /* Release */ = {
			isa = XCBuildConfiguration;
			buildSettings = {
				ASSETCATALOG_COMPILER_APPICON_NAME = AppIcon;
				INFOPLIST_FILE = ScrollViewWithPagingDemo/Info.plist;
				LD_RUNPATH_SEARCH_PATHS = "$(inherited) @executable_path/Frameworks";
				PRODUCT_BUNDLE_IDENTIFIER = com.ngi.ScrollViewWithPagingDemo;
				PRODUCT_NAME = "$(TARGET_NAME)";
			};
			name = Release;
		};
		A0A0E1CB1BEC8B90006C2E45 /* Debug */ = {
			isa = XCBuildConfiguration;
			buildSettings = {
				BUNDLE_LOADER = "$(TEST_HOST)";
				INFOPLIST_FILE = ScrollViewWithPagingDemoTests/Info.plist;
				LD_RUNPATH_SEARCH_PATHS = "$(inherited) @executable_path/Frameworks @loader_path/Frameworks";
				PRODUCT_BUNDLE_IDENTIFIER = com.ngi.ScrollViewWithPagingDemoTests;
				PRODUCT_NAME = "$(TARGET_NAME)";
				TEST_HOST = "$(BUILT_PRODUCTS_DIR)/ScrollViewWithPagingDemo.app/ScrollViewWithPagingDemo";
			};
			name = Debug;
		};
		A0A0E1CC1BEC8B90006C2E45 /* Release */ = {
			isa = XCBuildConfiguration;
			buildSettings = {
				BUNDLE_LOADER = "$(TEST_HOST)";
				INFOPLIST_FILE = ScrollViewWithPagingDemoTests/Info.plist;
				LD_RUNPATH_SEARCH_PATHS = "$(inherited) @executable_path/Frameworks @loader_path/Frameworks";
				PRODUCT_BUNDLE_IDENTIFIER = com.ngi.ScrollViewWithPagingDemoTests;
				PRODUCT_NAME = "$(TARGET_NAME)";
				TEST_HOST = "$(BUILT_PRODUCTS_DIR)/ScrollViewWithPagingDemo.app/ScrollViewWithPagingDemo";
			};
			name = Release;
		};
		A0A0E1CE1BEC8B90006C2E45 /* Debug */ = {
			isa = XCBuildConfiguration;
			buildSettings = {
				INFOPLIST_FILE = ScrollViewWithPagingDemoUITests/Info.plist;
				LD_RUNPATH_SEARCH_PATHS = "$(inherited) @executable_path/Frameworks @loader_path/Frameworks";
				PRODUCT_BUNDLE_IDENTIFIER = com.ngi.ScrollViewWithPagingDemoUITests;
				PRODUCT_NAME = "$(TARGET_NAME)";
				TEST_TARGET_NAME = ScrollViewWithPagingDemo;
				USES_XCTRUNNER = YES;
			};
			name = Debug;
		};
		A0A0E1CF1BEC8B90006C2E45 /* Release */ = {
			isa = XCBuildConfiguration;
			buildSettings = {
				INFOPLIST_FILE = ScrollViewWithPagingDemoUITests/Info.plist;
				LD_RUNPATH_SEARCH_PATHS = "$(inherited) @executable_path/Frameworks @loader_path/Frameworks";
				PRODUCT_BUNDLE_IDENTIFIER = com.ngi.ScrollViewWithPagingDemoUITests;
				PRODUCT_NAME = "$(TARGET_NAME)";
				TEST_TARGET_NAME = ScrollViewWithPagingDemo;
				USES_XCTRUNNER = YES;
			};
			name = Release;
		};
/* End XCBuildConfiguration section */

/* Begin XCConfigurationList section */
		A0A0E19A1BEC8B8F006C2E45 /* Build configuration list for PBXProject "ScrollViewWithPagingDemo" */ = {
			isa = XCConfigurationList;
			buildConfigurations = (
				A0A0E1C51BEC8B90006C2E45 /* Debug */,
				A0A0E1C61BEC8B90006C2E45 /* Release */,
			);
			defaultConfigurationIsVisible = 0;
			defaultConfigurationName = Release;
		};
		A0A0E1C71BEC8B90006C2E45 /* Build configuration list for PBXNativeTarget "ScrollViewWithPagingDemo" */ = {
			isa = XCConfigurationList;
			buildConfigurations = (
				A0A0E1C81BEC8B90006C2E45 /* Debug */,
				A0A0E1C91BEC8B90006C2E45 /* Release */,
			);
			defaultConfigurationIsVisible = 0;
			defaultConfigurationName = Release;
		};
		A0A0E1CA1BEC8B90006C2E45 /* Build configuration list for PBXNativeTarget "ScrollViewWithPagingDemoTests" */ = {
			isa = XCConfigurationList;
			buildConfigurations = (
				A0A0E1CB1BEC8B90006C2E45 /* Debug */,
				A0A0E1CC1BEC8B90006C2E45 /* Release */,
			);
			defaultConfigurationIsVisible = 0;
			defaultConfigurationName = Release;
		};
		A0A0E1CD1BEC8B90006C2E45 /* Build configuration list for PBXNativeTarget "ScrollViewWithPagingDemoUITests" */ = {
			isa = XCConfigurationList;
			buildConfigurations = (
				A0A0E1CE1BEC8B90006C2E45 /* Debug */,
				A0A0E1CF1BEC8B90006C2E45 /* Release */,
			);
			defaultConfigurationIsVisible = 0;
			defaultConfigurationName = Release;
		};
/* End XCConfigurationList section */
	};
	rootObject = A0A0E1971BEC8B8F006C2E45 /* Project object */;
}
