<?xml version="1.0" encoding="UTF-8"?>
<Scheme
   LastUpgradeVersion = "0710"
   version = "1.3">
   <BuildAction
      parallelizeBuildables = "YES"
      buildImplicitDependencies = "YES">
      <BuildActionEntries>
         <BuildActionEntry
            buildForTesting = "YES"
            buildForRunning = "YES"
            buildForProfiling = "YES"
            buildForArchiving = "YES"
            buildForAnalyzing = "YES">
            <BuildableReference
               BuildableIdentifier = "primary"
               BlueprintIdentifier = "A0E9019F1BE9D81200A19440"
               BuildableName = "AutoLayOutDemo3.app"
               BlueprintName = "AutoLayOutDemo3"
               ReferencedContainer = "container:AutoLayOutDemo3.xcodeproj">
            </BuildableReference>
         </BuildActionEntry>
      </BuildActionEntries>
   </BuildAction>
   <TestAction
      buildConfiguration = "Debug"
      selectedDebuggerIdentifier = "Xcode.DebuggerFoundation.Debugger.LLDB"
      selectedLauncherIdentifier = "Xcode.DebuggerFoundation.Launcher.LLDB"
      shouldUseLaunchSchemeArgsEnv = "YES">
      <Testables>
         <TestableReference
            skipped = "NO">
            <BuildableReference
               BuildableIdentifier = "primary"
               BlueprintIdentifier = "A0E901B31BE9D81200A19440"
               BuildableName = "AutoLayOutDemo3Tests.xctest"
               BlueprintName = "AutoLayOutDemo3Tests"
               ReferencedContainer = "container:AutoLayOutDemo3.xcodeproj">
            </BuildableReference>
         </TestableReference>
         <TestableReference
            skipped = "NO">
            <BuildableReference
               BuildableIdentifier = "primary"
               BlueprintIdentifier = "A0E901BE1BE9D81300A19440"
               BuildableName = "AutoLayOutDemo3UITests.xctest"
               BlueprintName = "AutoLayOutDemo3UITests"
               ReferencedContainer = "container:AutoLayOutDemo3.xcodeproj">
            </BuildableReference>
         </TestableReference>
      </Testables>
      <MacroExpansion>
         <BuildableReference
            BuildableIdentifier = "primary"
            BlueprintIdentifier = "A0E9019F1BE9D81200A19440"
            BuildableName = "AutoLayOutDemo3.app"
            BlueprintName = "AutoLayOutDemo3"
            ReferencedContainer = "container:AutoLayOutDemo3.xcodeproj">
         </BuildableReference>
      </MacroExpansion>
      <AdditionalOptions>
      </AdditionalOptions>
   </TestAction>
   <LaunchAction
      buildConfiguration = "Debug"
      selectedDebuggerIdentifier = "Xcode.DebuggerFoundation.Debugger.LLDB"
      selectedLauncherIdentifier = "Xcode.DebuggerFoundation.Launcher.LLDB"
      launchStyle = "0"
      useCustomWorkingDirectory = "NO"
      ignoresPersistentStateOnLaunch = "NO"
      debugDocumentVersioning = "YES"
      debugServiceExtension = "internal"
      allowLocationSimulation = "YES">
      <BuildableProductRunnable
         runnableDebuggingMode = "0">
         <BuildableReference
            BuildableIdentifier = "primary"
            BlueprintIdentifier = "A0E9019F1BE9D81200A19440"
            BuildableName = "AutoLayOutDemo3.app"
            BlueprintName = "AutoLayOutDemo3"
            ReferencedContainer = "container:AutoLayOutDemo3.xcodeproj">
         </BuildableReference>
      </BuildableProductRunnable>
      <AdditionalOptions>
      </AdditionalOptions>
   </LaunchAction>
   <ProfileAction
      buildConfiguration = "Release"
      shouldUseLaunchSchemeArgsEnv = "YES"
      savedToolIdentifier = ""
      useCustomWorkingDirectory = "NO"
      debugDocumentVersioning = "YES">
      <BuildableProductRunnable
         runnableDebuggingMode = "0">
         <BuildableReference
            BuildableIdentifier = "primary"
            BlueprintIdentifier = "A0E9019F1BE9D81200A19440"
            BuildableName = "AutoLayOutDemo3.app"
            BlueprintName = "AutoLayOutDemo3"
            ReferencedContainer = "container:AutoLayOutDemo3.xcodeproj">
         </BuildableReference>
      </BuildableProductRunnable>
   </ProfileAction>
   <AnalyzeAction
      buildConfiguration = "Debug">
   </AnalyzeAction>
   <ArchiveAction
      buildConfiguration = "Release"
      revealArchiveInOrganizer = "YES">
   </ArchiveAction>
</Scheme>
