// !$*UTF8*$!
{
	archiveVersion = 1;
	classes = {
	};
	objectVersion = 46;
	objects = {

/* Begin PBXBuildFile section */
		A06A8FB01BE887DB00729820 /* AppDelegate.swift in Sources */ = {isa = PBXBuildFile; fileRef = A06A8FAF1BE887DB00729820 /* AppDelegate.swift */; };
		A06A8FB21BE887DB00729820 /* ViewController.swift in Sources */ = {isa = PBXBuildFile; fileRef = A06A8FB11BE887DB00729820 /* ViewController.swift */; };
		A06A8FB51BE887DB00729820 /* Main.storyboard in Resources */ = {isa = PBXBuildFile; fileRef = A06A8FB31BE887DB00729820 /* Main.storyboard */; };
		A06A8FB71BE887DB00729820 /* Assets.xcassets in Resources */ = {isa = PBXBuildFile; fileRef = A06A8FB61BE887DB00729820 /* Assets.xcassets */; };
		A06A8FBA1BE887DB00729820 /* LaunchScreen.storyboard in Resources */ = {isa = PBXBuildFile; fileRef = A06A8FB81BE887DB00729820 /* LaunchScreen.storyboard */; };
		A06A8FC51BE887DB00729820 /* Demo2AutoLayoutTests.swift in Sources */ = {isa = PBXBuildFile; fileRef = A06A8FC41BE887DB00729820 /* Demo2AutoLayoutTests.swift */; };
		A06A8FD01BE887DB00729820 /* Demo2AutoLayoutUITests.swift in Sources */ = {isa = PBXBuildFile; fileRef = A06A8FCF1BE887DB00729820 /* Demo2AutoLayoutUITests.swift */; };
		A06A8FDE1BE88B8600729820 /* background-revise.png in Resources */ = {isa = PBXBuildFile; fileRef = A06A8FDD1BE88B8600729820 /* background-revise.png */; };
/* End PBXBuildFile section */

/* Begin PBXContainerItemProxy section */
		A06A8FC11BE887DB00729820 /* PBXContainerItemProxy */ = {
			isa = PBXContainerItemProxy;
			containerPortal = A06A8FA41BE887DA00729820 /* Project object */;
			proxyType = 1;
			remoteGlobalIDString = A06A8FAB1BE887DA00729820;
			remoteInfo = Demo2AutoLayout;
		};
		A06A8FCC1BE887DB00729820 /* PBXContainerItemProxy */ = {
			isa = PBXContainerItemProxy;
			containerPortal = A06A8FA41BE887DA00729820 /* Project object */;
			proxyType = 1;
			remoteGlobalIDString = A06A8FAB1BE887DA00729820;
			remoteInfo = Demo2AutoLayout;
		};
/* End PBXContainerItemProxy section */

/* Begin PBXFileReference section */
		A06A8FAC1BE887DA00729820 /* Demo2AutoLayout.app */ = {isa = PBXFileReference; explicitFileType = wrapper.application; includeInIndex = 0; path = Demo2AutoLayout.app; sourceTree = BUILT_PRODUCTS_DIR; };
		A06A8FAF1BE887DB00729820 /* AppDelegate.swift */ = {isa = PBXFileReference; lastKnownFileType = sourcecode.swift; path = AppDelegate.swift; sourceTree = "<group>"; };
		A06A8FB11BE887DB00729820 /* ViewController.swift */ = {isa = PBXFileReference; lastKnownFileType = sourcecode.swift; path = ViewController.swift; sourceTree = "<group>"; };
		A06A8FB41BE887DB00729820 /* Base */ = {isa = PBXFileReference; lastKnownFileType = file.storyboard; name = Base; path = Base.lproj/Main.storyboard; sourceTree = "<group>"; };
		A06A8FB61BE887DB00729820 /* Assets.xcassets */ = {isa = PBXFileReference; lastKnownFileType = folder.assetcatalog; path = Assets.xcassets; sourceTree = "<group>"; };
		A06A8FB91BE887DB00729820 /* Base */ = {isa = PBXFileReference; lastKnownFileType = file.storyboard; name = Base; path = Base.lproj/LaunchScreen.storyboard; sourceTree = "<group>"; };
		A06A8FBB1BE887DB00729820 /* Info.plist */ = {isa = PBXFileReference; lastKnownFileType = text.plist.xml; path = Info.plist; sourceTree = "<group>"; };
		A06A8FC01BE887DB00729820 /* Demo2AutoLayoutTests.xctest */ = {isa = PBXFileReference; explicitFileType = wrapper.cfbundle; includeInIndex = 0; path = Demo2AutoLayoutTests.xctest; sourceTree = BUILT_PRODUCTS_DIR; };
		A06A8FC41BE887DB00729820 /* Demo2AutoLayoutTests.swift */ = {isa = PBXFileReference; lastKnownFileType = sourcecode.swift; path = Demo2AutoLayoutTests.swift; sourceTree = "<group>"; };
		A06A8FC61BE887DB00729820 /* Info.plist */ = {isa = PBXFileReference; lastKnownFileType = text.plist.xml; path = Info.plist; sourceTree = "<group>"; };
		A06A8FCB1BE887DB00729820 /* Demo2AutoLayoutUITests.xctest */ = {isa = PBXFileReference; explicitFileType = wrapper.cfbundle; includeInIndex = 0; path = Demo2AutoLayoutUITests.xctest; sourceTree = BUILT_PRODUCTS_DIR; };
		A06A8FCF1BE887DB00729820 /* Demo2AutoLayoutUITests.swift */ = {isa = PBXFileReference; lastKnownFileType = sourcecode.swift; path = Demo2AutoLayoutUITests.swift; sourceTree = "<group>"; };
		A06A8FD11BE887DB00729820 /* Info.plist */ = {isa = PBXFileReference; lastKnownFileType = text.plist.xml; path = Info.plist; sourceTree = "<group>"; };
		A06A8FDD1BE88B8600729820 /* background-revise.png */ = {isa = PBXFileReference; lastKnownFileType = image.png; path = "background-revise.png"; sourceTree = "<group>"; };
/* End PBXFileReference section */

/* Begin PBXFrameworksBuildPhase section */
		A06A8FA91BE887DA00729820 /* Frameworks */ = {
			isa = PBXFrameworksBuildPhase;
			buildActionMask = 2147483647;
			files = (
			);
			runOnlyForDeploymentPostprocessing = 0;
		};
		A06A8FBD1BE887DB00729820 /* Frameworks */ = {
			isa = PBXFrameworksBuildPhase;
			buildActionMask = 2147483647;
			files = (
			);
			runOnlyForDeploymentPostprocessing = 0;
		};
		A06A8FC81BE887DB00729820 /* Frameworks */ = {
			isa = PBXFrameworksBuildPhase;
			buildActionMask = 2147483647;
			files = (
			);
			runOnlyForDeploymentPostprocessing = 0;
		};
/* End PBXFrameworksBuildPhase section */

/* Begin PBXGroup section */
		A06A8FA31BE887DA00729820 = {
			isa = PBXGroup;
			children = (
				A06A8FAE1BE887DB00729820 /* Demo2AutoLayout */,
				A06A8FC31BE887DB00729820 /* Demo2AutoLayoutTests */,
				A06A8FCE1BE887DB00729820 /* Demo2AutoLayoutUITests */,
				A06A8FAD1BE887DA00729820 /* Products */,
			);
			sourceTree = "<group>";
		};
		A06A8FAD1BE887DA00729820 /* Products */ = {
			isa = PBXGroup;
			children = (
				A06A8FAC1BE887DA00729820 /* Demo2AutoLayout.app */,
				A06A8FC01BE887DB00729820 /* Demo2AutoLayoutTests.xctest */,
				A06A8FCB1BE887DB00729820 /* Demo2AutoLayoutUITests.xctest */,
			);
			name = Products;
			sourceTree = "<group>";
		};
		A06A8FAE1BE887DB00729820 /* Demo2AutoLayout */ = {
			isa = PBXGroup;
			children = (
				A06A8FAF1BE887DB00729820 /* AppDelegate.swift */,
				A06A8FB11BE887DB00729820 /* ViewController.swift */,
				A06A8FB31BE887DB00729820 /* Main.storyboard */,
				A06A8FB61BE887DB00729820 /* Assets.xcassets */,
				A06A8FB81BE887DB00729820 /* LaunchScreen.storyboard */,
				A06A8FDD1BE88B8600729820 /* background-revise.png */,
				A06A8FBB1BE887DB00729820 /* Info.plist */,
			);
			path = Demo2AutoLayout;
			sourceTree = "<group>";
		};
		A06A8FC31BE887DB00729820 /* Demo2AutoLayoutTests */ = {
			isa = PBXGroup;
			children = (
				A06A8FC41BE887DB00729820 /* Demo2AutoLayoutTests.swift */,
				A06A8FC61BE887DB00729820 /* Info.plist */,
			);
			path = Demo2AutoLayoutTests;
			sourceTree = "<group>";
		};
		A06A8FCE1BE887DB00729820 /* Demo2AutoLayoutUITests */ = {
			isa = PBXGroup;
			children = (
				A06A8FCF1BE887DB00729820 /* Demo2AutoLayoutUITests.swift */,
				A06A8FD11BE887DB00729820 /* Info.plist */,
			);
			path = Demo2AutoLayoutUITests;
			sourceTree = "<group>";
		};
/* End PBXGroup section */

/* Begin PBXNativeTarget section */
		A06A8FAB1BE887DA00729820 /* Demo2AutoLayout */ = {
			isa = PBXNativeTarget;
			buildConfigurationList = A06A8FD41BE887DB00729820 /* Build configuration list for PBXNativeTarget "Demo2AutoLayout" */;
			buildPhases = (
				A06A8FA81BE887DA00729820 /* Sources */,
				A06A8FA91BE887DA00729820 /* Frameworks */,
				A06A8FAA1BE887DA00729820 /* Resources */,
			);
			buildRules = (
			);
			dependencies = (
			);
			name = Demo2AutoLayout;
			productName = Demo2AutoLayout;
			productReference = A06A8FAC1BE887DA00729820 /* Demo2AutoLayout.app */;
			productType = "com.apple.product-type.application";
		};
		A06A8FBF1BE887DB00729820 /* Demo2AutoLayoutTests */ = {
			isa = PBXNativeTarget;
			buildConfigurationList = A06A8FD71BE887DB00729820 /* Build configuration list for PBXNativeTarget "Demo2AutoLayoutTests" */;
			buildPhases = (
				A06A8FBC1BE887DB00729820 /* Sources */,
				A06A8FBD1BE887DB00729820 /* Frameworks */,
				A06A8FBE1BE887DB00729820 /* Resources */,
			);
			buildRules = (
			);
			dependencies = (
				A06A8FC21BE887DB00729820 /* PBXTargetDependency */,
			);
			name = Demo2AutoLayoutTests;
			productName = Demo2AutoLayoutTests;
			productReference = A06A8FC01BE887DB00729820 /* Demo2AutoLayoutTests.xctest */;
			productType = "com.apple.product-type.bundle.unit-test";
		};
		A06A8FCA1BE887DB00729820 /* Demo2AutoLayoutUITests */ = {
			isa = PBXNativeTarget;
			buildConfigurationList = A06A8FDA1BE887DB00729820 /* Build configuration list for PBXNativeTarget "Demo2AutoLayoutUITests" */;
			buildPhases = (
				A06A8FC71BE887DB00729820 /* Sources */,
				A06A8FC81BE887DB00729820 /* Frameworks */,
				A06A8FC91BE887DB00729820 /* Resources */,
			);
			buildRules = (
			);
			dependencies = (
				A06A8FCD1BE887DB00729820 /* PBXTargetDependency */,
			);
			name = Demo2AutoLayoutUITests;
			productName = Demo2AutoLayoutUITests;
			productReference = A06A8FCB1BE887DB00729820 /* Demo2AutoLayoutUITests.xctest */;
			productType = "com.apple.product-type.bundle.ui-testing";
		};
/* End PBXNativeTarget section */

/* Begin PBXProject section */
		A06A8FA41BE887DA00729820 /* Project object */ = {
			isa = PBXProject;
			attributes = {
				LastSwiftUpdateCheck = 0710;
				LastUpgradeCheck = 0710;
				ORGANIZATIONNAME = "NGI-NOMAN";
				TargetAttributes = {
					A06A8FAB1BE887DA00729820 = {
						CreatedOnToolsVersion = 7.1;
					};
					A06A8FBF1BE887DB00729820 = {
						CreatedOnToolsVersion = 7.1;
						TestTargetID = A06A8FAB1BE887DA00729820;
					};
					A06A8FCA1BE887DB00729820 = {
						CreatedOnToolsVersion = 7.1;
						TestTargetID = A06A8FAB1BE887DA00729820;
					};
				};
			};
			buildConfigurationList = A06A8FA71BE887DA00729820 /* Build configuration list for PBXProject "Demo2AutoLayout" */;
			compatibilityVersion = "Xcode 3.2";
			developmentRegion = English;
			hasScannedForEncodings = 0;
			knownRegions = (
				en,
				Base,
			);
			mainGroup = A06A8FA31BE887DA00729820;
			productRefGroup = A06A8FAD1BE887DA00729820 /* Products */;
			projectDirPath = "";
			projectRoot = "";
			targets = (
				A06A8FAB1BE887DA00729820 /* Demo2AutoLayout */,
				A06A8FBF1BE887DB00729820 /* Demo2AutoLayoutTests */,
				A06A8FCA1BE887DB00729820 /* Demo2AutoLayoutUITests */,
			);
		};
/* End PBXProject section */

/* Begin PBXResourcesBuildPhase section */
		A06A8FAA1BE887DA00729820 /* Resources */ = {
			isa = PBXResourcesBuildPhase;
			buildActionMask = 2147483647;
			files = (
				A06A8FBA1BE887DB00729820 /* LaunchScreen.storyboard in Resources */,
				A06A8FB71BE887DB00729820 /* Assets.xcassets in Resources */,
				A06A8FB51BE887DB00729820 /* Main.storyboard in Resources */,
				A06A8FDE1BE88B8600729820 /* background-revise.png in Resources */,
			);
			runOnlyForDeploymentPostprocessing = 0;
		};
		A06A8FBE1BE887DB00729820 /* Resources */ = {
			isa = PBXResourcesBuildPhase;
			buildActionMask = 2147483647;
			files = (
			);
			runOnlyForDeploymentPostprocessing = 0;
		};
		A06A8FC91BE887DB00729820 /* Resources */ = {
			isa = PBXResourcesBuildPhase;
			buildActionMask = 2147483647;
			files = (
			);
			runOnlyForDeploymentPostprocessing = 0;
		};
/* End PBXResourcesBuildPhase section */

/* Begin PBXSourcesBuildPhase section */
		A06A8FA81BE887DA00729820 /* Sources */ = {
			isa = PBXSourcesBuildPhase;
			buildActionMask = 2147483647;
			files = (
				A06A8FB21BE887DB00729820 /* ViewController.swift in Sources */,
				A06A8FB01BE887DB00729820 /* AppDelegate.swift in Sources */,
			);
			runOnlyForDeploymentPostprocessing = 0;
		};
		A06A8FBC1BE887DB00729820 /* Sources */ = {
			isa = PBXSourcesBuildPhase;
			buildActionMask = 2147483647;
			files = (
				A06A8FC51BE887DB00729820 /* Demo2AutoLayoutTests.swift in Sources */,
			);
			runOnlyForDeploymentPostprocessing = 0;
		};
		A06A8FC71BE887DB00729820 /* Sources */ = {
			isa = PBXSourcesBuildPhase;
			buildActionMask = 2147483647;
			files = (
				A06A8FD01BE887DB00729820 /* Demo2AutoLayoutUITests.swift in Sources */,
			);
			runOnlyForDeploymentPostprocessing = 0;
		};
/* End PBXSourcesBuildPhase section */

/* Begin PBXTargetDependency section */
		A06A8FC21BE887DB00729820 /* PBXTargetDependency */ = {
			isa = PBXTargetDependency;
			target = A06A8FAB1BE887DA00729820 /* Demo2AutoLayout */;
			targetProxy = A06A8FC11BE887DB00729820 /* PBXContainerItemProxy */;
		};
		A06A8FCD1BE887DB00729820 /* PBXTargetDependency */ = {
			isa = PBXTargetDependency;
			target = A06A8FAB1BE887DA00729820 /* Demo2AutoLayout */;
			targetProxy = A06A8FCC1BE887DB00729820 /* PBXContainerItemProxy */;
		};
/* End PBXTargetDependency section */

/* Begin PBXVariantGroup section */
		A06A8FB31BE887DB00729820 /* Main.storyboard */ = {
			isa = PBXVariantGroup;
			children = (
				A06A8FB41BE887DB00729820 /* Base */,
			);
			name = Main.storyboard;
			sourceTree = "<group>";
		};
		A06A8FB81BE887DB00729820 /* LaunchScreen.storyboard */ = {
			isa = PBXVariantGroup;
			children = (
				A06A8FB91BE887DB00729820 /* Base */,
			);
			name = LaunchScreen.storyboard;
			sourceTree = "<group>";
		};
/* End PBXVariantGroup section */

/* Begin XCBuildConfiguration section */
		A06A8FD21BE887DB00729820 /* Debug */ = {
			isa = XCBuildConfiguration;
			buildSettings = {
				ALWAYS_SEARCH_USER_PATHS = NO;
				CLANG_CXX_LANGUAGE_STANDARD = "gnu++0x";
				CLANG_CXX_LIBRARY = "libc++";
				CLANG_ENABLE_MODULES = YES;
				CLANG_ENABLE_OBJC_ARC = YES;
				CLANG_WARN_BOOL_CONVERSION = YES;
				CLANG_WARN_CONSTANT_CONVERSION = YES;
				CLANG_WARN_DIRECT_OBJC_ISA_USAGE = YES_ERROR;
				CLANG_WARN_EMPTY_BODY = YES;
				CLANG_WARN_ENUM_CONVERSION = YES;
				CLANG_WARN_INT_CONVERSION = YES;
				CLANG_WARN_OBJC_ROOT_CLASS = YES_ERROR;
				CLANG_WARN_UNREACHABLE_CODE = YES;
				CLANG_WARN__DUPLICATE_METHOD_MATCH = YES;
				"CODE_SIGN_IDENTITY[sdk=iphoneos*]" = "iPhone Developer";
				COPY_PHASE_STRIP = NO;
				DEBUG_INFORMATION_FORMAT = dwarf;
				ENABLE_STRICT_OBJC_MSGSEND = YES;
				ENABLE_TESTABILITY = YES;
				GCC_C_LANGUAGE_STANDARD = gnu99;
				GCC_DYNAMIC_NO_PIC = NO;
				GCC_NO_COMMON_BLOCKS = YES;
				GCC_OPTIMIZATION_LEVEL = 0;
				GCC_PREPROCESSOR_DEFINITIONS = (
					"DEBUG=1",
					"$(inherited)",
				);
				GCC_WARN_64_TO_32_BIT_CONVERSION = YES;
				GCC_WARN_ABOUT_RETURN_TYPE = YES_ERROR;
				GCC_WARN_UNDECLARED_SELECTOR = YES;
				GCC_WARN_UNINITIALIZED_AUTOS = YES_AGGRESSIVE;
				GCC_WARN_UNUSED_FUNCTION = YES;
				GCC_WARN_UNUSED_VARIABLE = YES;
				IPHONEOS_DEPLOYMENT_TARGET = 9.1;
				MTL_ENABLE_DEBUG_INFO = YES;
				ONLY_ACTIVE_ARCH = YES;
				SDKROOT = iphoneos;
				SWIFT_OPTIMIZATION_LEVEL = "-Onone";
				TARGETED_DEVICE_FAMILY = "1,2";
			};
			name = Debug;
		};
		A06A8FD31BE887DB00729820 /* Release */ = {
			isa = XCBuildConfiguration;
			buildSettings = {
				ALWAYS_SEARCH_USER_PATHS = NO;
				CLANG_CXX_LANGUAGE_STANDARD = "gnu++0x";
				CLANG_CXX_LIBRARY = "libc++";
				CLANG_ENABLE_MODULES = YES;
				CLANG_ENABLE_OBJC_ARC = YES;
				CLANG_WARN_BOOL_CONVERSION = YES;
				CLANG_WARN_CONSTANT_CONVERSION = YES;
				CLANG_WARN_DIRECT_OBJC_ISA_USAGE = YES_ERROR;
				CLANG_WARN_EMPTY_BODY = YES;
				CLANG_WARN_ENUM_CONVERSION = YES;
				CLANG_WARN_INT_CONVERSION = YES;
				CLANG_WARN_OBJC_ROOT_CLASS = YES_ERROR;
				CLANG_WARN_UNREACHABLE_CODE = YES;
				CLANG_WARN__DUPLICATE_METHOD_MATCH = YES;
				"CODE_SIGN_IDENTITY[sdk=iphoneos*]" = "iPhone Developer";
				COPY_PHASE_STRIP = NO;
				DEBUG_INFORMATION_FORMAT = "dwarf-with-dsym";
				ENABLE_NS_ASSERTIONS = NO;
				ENABLE_STRICT_OBJC_MSGSEND = YES;
				GCC_C_LANGUAGE_STANDARD = gnu99;
				GCC_NO_COMMON_BLOCKS = YES;
				GCC_WARN_64_TO_32_BIT_CONVERSION = YES;
				GCC_WARN_ABOUT_RETURN_TYPE = YES_ERROR;
				GCC_WARN_UNDECLARED_SELECTOR = YES;
				GCC_WARN_UNINITIALIZED_AUTOS = YES_AGGRESSIVE;
				GCC_WARN_UNUSED_FUNCTION = YES;
				GCC_WARN_UNUSED_VARIABLE = YES;
				IPHONEOS_DEPLOYMENT_TARGET = 9.1;
				MTL_ENABLE_DEBUG_INFO = NO;
				SDKROOT = iphoneos;
				TARGETED_DEVICE_FAMILY = "1,2";
				VALIDATE_PRODUCT = YES;
			};
			name = Release;
		};
		A06A8FD51BE887DB00729820 /* Debug */ = {
			isa = XCBuildConfiguration;
			buildSettings = {
				ASSETCATALOG_COMPILER_APPICON_NAME = AppIcon;
				INFOPLIST_FILE = Demo2AutoLayout/Info.plist;
				LD_RUNPATH_SEARCH_PATHS = "$(inherited) @executable_path/Frameworks";
				PRODUCT_BUNDLE_IDENTIFIER = com.ngi.Demo2AutoLayout;
				PRODUCT_NAME = "$(TARGET_NAME)";
			};
			name = Debug;
		};
		A06A8FD61BE887DB00729820 /* Release */ = {
			isa = XCBuildConfiguration;
			buildSettings = {
				ASSETCATALOG_COMPILER_APPICON_NAME = AppIcon;
				INFOPLIST_FILE = Demo2AutoLayout/Info.plist;
				LD_RUNPATH_SEARCH_PATHS = "$(inherited) @executable_path/Frameworks";
				PRODUCT_BUNDLE_IDENTIFIER = com.ngi.Demo2AutoLayout;
				PRODUCT_NAME = "$(TARGET_NAME)";
			};
			name = Release;
		};
		A06A8FD81BE887DB00729820 /* Debug */ = {
			isa = XCBuildConfiguration;
			buildSettings = {
				BUNDLE_LOADER = "$(TEST_HOST)";
				INFOPLIST_FILE = Demo2AutoLayoutTests/Info.plist;
				LD_RUNPATH_SEARCH_PATHS = "$(inherited) @executable_path/Frameworks @loader_path/Frameworks";
				PRODUCT_BUNDLE_IDENTIFIER = com.ngi.Demo2AutoLayoutTests;
				PRODUCT_NAME = "$(TARGET_NAME)";
				TEST_HOST = "$(BUILT_PRODUCTS_DIR)/Demo2AutoLayout.app/Demo2AutoLayout";
			};
			name = Debug;
		};
		A06A8FD91BE887DB00729820 /* Release */ = {
			isa = XCBuildConfiguration;
			buildSettings = {
				BUNDLE_LOADER = "$(TEST_HOST)";
				INFOPLIST_FILE = Demo2AutoLayoutTests/Info.plist;
				LD_RUNPATH_SEARCH_PATHS = "$(inherited) @executable_path/Frameworks @loader_path/Frameworks";
				PRODUCT_BUNDLE_IDENTIFIER = com.ngi.Demo2AutoLayoutTests;
				PRODUCT_NAME = "$(TARGET_NAME)";
				TEST_HOST = "$(BUILT_PRODUCTS_DIR)/Demo2AutoLayout.app/Demo2AutoLayout";
			};
			name = Release;
		};
		A06A8FDB1BE887DB00729820 /* Debug */ = {
			isa = XCBuildConfiguration;
			buildSettings = {
				INFOPLIST_FILE = Demo2AutoLayoutUITests/Info.plist;
				LD_RUNPATH_SEARCH_PATHS = "$(inherited) @executable_path/Frameworks @loader_path/Frameworks";
				PRODUCT_BUNDLE_IDENTIFIER = com.ngi.Demo2AutoLayoutUITests;
				PRODUCT_NAME = "$(TARGET_NAME)";
				TEST_TARGET_NAME = Demo2AutoLayout;
				USES_XCTRUNNER = YES;
			};
			name = Debug;
		};
		A06A8FDC1BE887DB00729820 /* Release */ = {
			isa = XCBuildConfiguration;
			buildSettings = {
				INFOPLIST_FILE = Demo2AutoLayoutUITests/Info.plist;
				LD_RUNPATH_SEARCH_PATHS = "$(inherited) @executable_path/Frameworks @loader_path/Frameworks";
				PRODUCT_BUNDLE_IDENTIFIER = com.ngi.Demo2AutoLayoutUITests;
				PRODUCT_NAME = "$(TARGET_NAME)";
				TEST_TARGET_NAME = Demo2AutoLayout;
				USES_XCTRUNNER = YES;
			};
			name = Release;
		};
/* End XCBuildConfiguration section */

/* Begin XCConfigurationList section */
		A06A8FA71BE887DA00729820 /* Build configuration list for PBXProject "Demo2AutoLayout" */ = {
			isa = XCConfigurationList;
			buildConfigurations = (
				A06A8FD21BE887DB00729820 /* Debug */,
				A06A8FD31BE887DB00729820 /* Release */,
			);
			defaultConfigurationIsVisible = 0;
			defaultConfigurationName = Release;
		};
		A06A8FD41BE887DB00729820 /* Build configuration list for PBXNativeTarget "Demo2AutoLayout" */ = {
			isa = XCConfigurationList;
			buildConfigurations = (
				A06A8FD51BE887DB00729820 /* Debug */,
				A06A8FD61BE887DB00729820 /* Release */,
			);
			defaultConfigurationIsVisible = 0;
		};
		A06A8FD71BE887DB00729820 /* Build configuration list for PBXNativeTarget "Demo2AutoLayoutTests" */ = {
			isa = XCConfigurationList;
			buildConfigurations = (
				A06A8FD81BE887DB00729820 /* Debug */,
				A06A8FD91BE887DB00729820 /* Release */,
			);
			defaultConfigurationIsVisible = 0;
		};
		A06A8FDA1BE887DB00729820 /* Build configuration list for PBXNativeTarget "Demo2AutoLayoutUITests" */ = {
			isa = XCConfigurationList;
			buildConfigurations = (
				A06A8FDB1BE887DB00729820 /* Debug */,
				A06A8FDC1BE887DB00729820 /* Release */,
			);
			defaultConfigurationIsVisible = 0;
		};
/* End XCConfigurationList section */
	};
	rootObject = A06A8FA41BE887DA00729820 /* Project object */;
}
